set_global_assignment -name ORIGINAL_QUARTUS_VERSION 18.1.1
set_global_assignment -name LAST_QUARTUS_VERSION "18.1.1 Lite Edition"
set_global_assignment -name PROJECT_OUTPUT_DIRECTORY output_files
set_global_assignment -name PRE_FLOW_SCRIPT_FILE "quartus_sh:apf/build_id_gen.tcl"
set_global_assignment -name FAMILY "Cyclone V"
set_global_assignment -name DEVICE 5CEBA4F23C8
set_global_assignment -name TOP_LEVEL_ENTITY apf_top
set_global_assignment -name VERILOG_FILE apf/apf_top.v
set_global_assignment -name VERILOG_FILE apf/common.v
set_global_assignment -name VERILOG_FILE apf/io_bridge_peripheral.v
set_global_assignment -name VERILOG_FILE apf/io_pad_controller.v
set_global_assignment -name VERILOG_FILE core/core_bridge_cmd.v
set_global_assignment -name SYSTEMVERILOG_FILE core/core_top.sv
set_global_assignment -name SYSTEMVERILOG_FILE core/analogue_pocket_repo_top.sv
set_global_assignment -name SDC_FILE apf/apf_constraints.sdc
set_global_assignment -name SDC_FILE core/core_constraints.sdc
